
Microsoft Visual Studio Solution File, Format Version 12.00
# Visual Studio Version 17
VisualStudioVersion = 17.3.32721.290
MinimumVisualStudioVersion = 10.0.40219.1
Project("{FAE04EC0-301F-11D3-BF4B-00C04F79EFBC}") = "RealEstateApi", "RealEstateApi\RealEstateApi.csproj", "{717DD818-6E5B-4CB1-9F7E-B773968630FE}"
EndProject
Global
	GlobalSection(SolutionConfigurationPlatforms) = preSolution
		Debug|Any CPU = Debug|Any CPU
		Release|Any CPU = Release|Any CPU
	EndGlobalSection
	GlobalSection(ProjectConfigurationPlatforms) = postSolution
		{717DD818-6E5B-4CB1-9F7E-B773968630FE}.Debug|Any CPU.ActiveCfg = Debug|Any CPU
		{717DD818-6E5B-4CB1-9F7E-B773968630FE}.Debug|Any CPU.Build.0 = Debug|Any CPU
		{717DD818-6E5B-4CB1-9F7E-B773968630FE}.Release|Any CPU.ActiveCfg = Release|Any CPU
		{717DD818-6E5B-4CB1-9F7E-B773968630FE}.Release|Any CPU.Build.0 = Release|Any CPU
	EndGlobalSection
	GlobalSection(SolutionProperties) = preSolution
		HideSolutionNode = FALSE
	EndGlobalSection
	GlobalSection(ExtensibilityGlobals) = postSolution
		SolutionGuid = {B8BD0A9C-5863-45FE-8DA4-F2D64AF24A01}
	EndGlobalSection
EndGlobal
